
Microsoft Visual Studio Solution File, Format Version 12.00
# Visual Studio Version 17
VisualStudioVersion = 17.10.35122.118
MinimumVisualStudioVersion = 10.0.40219.1
Project("{FAE04EC0-301F-11D3-BF4B-00C04F79EFBC}") = "QuizApplication", "QuizApplication\QuizApplication.csproj", "{9E5D9E14-3605-4701-B96A-C91AC179A996}"
EndProject
Global
	GlobalSection(SolutionConfigurationPlatforms) = preSolution
		Debug|Any CPU = Debug|Any CPU
		Release|Any CPU = Release|Any CPU
	EndGlobalSection
	GlobalSection(ProjectConfigurationPlatforms) = postSolution
		{9E5D9E14-3605-4701-B96A-C91AC179A996}.Debug|Any CPU.ActiveCfg = Debug|Any CPU
		{9E5D9E14-3605-4701-B96A-C91AC179A996}.Debug|Any CPU.Build.0 = Debug|Any CPU
		{9E5D9E14-3605-4701-B96A-C91AC179A996}.Release|Any CPU.ActiveCfg = Release|Any CPU
		{9E5D9E14-3605-4701-B96A-C91AC179A996}.Release|Any CPU.Build.0 = Release|Any CPU
	EndGlobalSection
	GlobalSection(SolutionProperties) = preSolution
		HideSolutionNode = FALSE
	EndGlobalSection
	GlobalSection(ExtensibilityGlobals) = postSolution
		SolutionGuid = {46196094-CB5E-4900-8017-52131B855EBA}
	EndGlobalSection
EndGlobal
